
Microsoft Visual Studio Solution File, Format Version 12.00
# Visual Studio 15
Project("{FAE04EC0-301F-11D3-BF4B-00C04F79EFBC}") = "PhotonUnityNetworking.Demos", "PhotonUnityNetworking.Demos.csproj", "{F8ED07D2-A702-3988-F717-D5FEC926C615}"
EndProject
Project("{FAE04EC0-301F-11D3-BF4B-00C04F79EFBC}") = "Assembly-CSharp", "Assembly-CSharp.csproj", "{B818730B-C579-D2F1-6714-8A2495E5CB0A}"
EndProject
Project("{FAE04EC0-301F-11D3-BF4B-00C04F79EFBC}") = "PhotonUnityNetworking.Utilities", "PhotonUnityNetworking.Utilities.csproj", "{1A993C71-62A3-96BA-173D-92AA92D98CB2}"
EndProject
Project("{FAE04EC0-301F-11D3-BF4B-00C04F79EFBC}") = "Assembly-CSharp-firstpass", "Assembly-CSharp-firstpass.csproj", "{2E5932C1-CD2A-4B92-A49C-8E2794CB3F57}"
EndProject
Project("{FAE04EC0-301F-11D3-BF4B-00C04F79EFBC}") = "PhotonChat", "PhotonChat.csproj", "{BD7E39A9-B9EB-AC86-1EE0-0379EFC5A082}"
EndProject
Project("{FAE04EC0-301F-11D3-BF4B-00C04F79EFBC}") = "PhotonUnityNetworking", "PhotonUnityNetworking.csproj", "{6A7A0907-057A-D228-233D-FF51AB79D949}"
EndProject
Project("{FAE04EC0-301F-11D3-BF4B-00C04F79EFBC}") = "PhotonRealtime", "PhotonRealtime.csproj", "{1FC75127-91C0-CF5D-2DA6-B5A5CD3AD9E8}"
EndProject
Project("{FAE04EC0-301F-11D3-BF4B-00C04F79EFBC}") = "PhotonWebSocket", "PhotonWebSocket.csproj", "{7237DFCF-83C0-6FF6-2DB2-76243836F863}"
EndProject
Project("{FAE04EC0-301F-11D3-BF4B-00C04F79EFBC}") = "Assembly-CSharp-Editor-firstpass", "Assembly-CSharp-Editor-firstpass.csproj", "{8241E56B-8FCC-1305-A7D6-D14C83D19A20}"
EndProject
Project("{FAE04EC0-301F-11D3-BF4B-00C04F79EFBC}") = "Assembly-CSharp-Editor", "Assembly-CSharp-Editor.csproj", "{53085977-B1FD-A3F2-7A77-D43E50F2AC1F}"
EndProject
Project("{FAE04EC0-301F-11D3-BF4B-00C04F79EFBC}") = "PhotonUnityNetworking.Editor", "PhotonUnityNetworking.Editor.csproj", "{86982C35-A71B-FE93-5072-9F3C4E2C0065}"
EndProject
Project("{FAE04EC0-301F-11D3-BF4B-00C04F79EFBC}") = "PunDemos.DemoHubEditor", "PunDemos.DemoHubEditor.csproj", "{D09F2D0D-DA68-FD15-F5F3-C5219A73241E}"
EndProject
Project("{FAE04EC0-301F-11D3-BF4B-00C04F79EFBC}") = "PhotonUnityNetworking.Utilities.PhotonPlayer.Editor", "PhotonUnityNetworking.Utilities.PhotonPlayer.Editor.csproj", "{611A1C9E-9864-F9DC-6AFC-8A720D5A4AA4}"
EndProject
Project("{FAE04EC0-301F-11D3-BF4B-00C04F79EFBC}") = "PhotonUnityNetworking.Utilities.Culling.Editor", "PhotonUnityNetworking.Utilities.Culling.Editor.csproj", "{55F4ED97-BC3D-4452-AF91-E000CE847B6B}"
EndProject
Project("{FAE04EC0-301F-11D3-BF4B-00C04F79EFBC}") = "PunDemos.DemoSlotcarEditor", "PunDemos.DemoSlotcarEditor.csproj", "{872A0CB5-C4FE-D340-1DAA-151D4514B77A}"
EndProject
Global
	GlobalSection(SolutionConfigurationPlatforms) = preSolution
		Debug|Any CPU = Debug|Any CPU
		Release|Any CPU = Release|Any CPU
	EndGlobalSection
	GlobalSection(ProjectConfigurationPlatforms) = postSolution
		{F8ED07D2-A702-3988-F717-D5FEC926C615}.Debug|Any CPU.ActiveCfg = Debug|Any CPU
		{F8ED07D2-A702-3988-F717-D5FEC926C615}.Debug|Any CPU.Build.0 = Debug|Any CPU
		{F8ED07D2-A702-3988-F717-D5FEC926C615}.Release|Any CPU.ActiveCfg = Release|Any CPU
		{F8ED07D2-A702-3988-F717-D5FEC926C615}.Release|Any CPU.Build.0 = Release|Any CPU
		{B818730B-C579-D2F1-6714-8A2495E5CB0A}.Debug|Any CPU.ActiveCfg = Debug|Any CPU
		{B818730B-C579-D2F1-6714-8A2495E5CB0A}.Debug|Any CPU.Build.0 = Debug|Any CPU
		{B818730B-C579-D2F1-6714-8A2495E5CB0A}.Release|Any CPU.ActiveCfg = Release|Any CPU
		{B818730B-C579-D2F1-6714-8A2495E5CB0A}.Release|Any CPU.Build.0 = Release|Any CPU
		{1A993C71-62A3-96BA-173D-92AA92D98CB2}.Debug|Any CPU.ActiveCfg = Debug|Any CPU
		{1A993C71-62A3-96BA-173D-92AA92D98CB2}.Debug|Any CPU.Build.0 = Debug|Any CPU
		{1A993C71-62A3-96BA-173D-92AA92D98CB2}.Release|Any CPU.ActiveCfg = Release|Any CPU
		{1A993C71-62A3-96BA-173D-92AA92D98CB2}.Release|Any CPU.Build.0 = Release|Any CPU
		{2E5932C1-CD2A-4B92-A49C-8E2794CB3F57}.Debug|Any CPU.ActiveCfg = Debug|Any CPU
		{2E5932C1-CD2A-4B92-A49C-8E2794CB3F57}.Debug|Any CPU.Build.0 = Debug|Any CPU
		{2E5932C1-CD2A-4B92-A49C-8E2794CB3F57}.Release|Any CPU.ActiveCfg = Release|Any CPU
		{2E5932C1-CD2A-4B92-A49C-8E2794CB3F57}.Release|Any CPU.Build.0 = Release|Any CPU
		{BD7E39A9-B9EB-AC86-1EE0-0379EFC5A082}.Debug|Any CPU.ActiveCfg = Debug|Any CPU
		{BD7E39A9-B9EB-AC86-1EE0-0379EFC5A082}.Debug|Any CPU.Build.0 = Debug|Any CPU
		{BD7E39A9-B9EB-AC86-1EE0-0379EFC5A082}.Release|Any CPU.ActiveCfg = Release|Any CPU
		{BD7E39A9-B9EB-AC86-1EE0-0379EFC5A082}.Release|Any CPU.Build.0 = Release|Any CPU
		{6A7A0907-057A-D228-233D-FF51AB79D949}.Debug|Any CPU.ActiveCfg = Debug|Any CPU
		{6A7A0907-057A-D228-233D-FF51AB79D949}.Debug|Any CPU.Build.0 = Debug|Any CPU
		{6A7A0907-057A-D228-233D-FF51AB79D949}.Release|Any CPU.ActiveCfg = Release|Any CPU
		{6A7A0907-057A-D228-233D-FF51AB79D949}.Release|Any CPU.Build.0 = Release|Any CPU
		{1FC75127-91C0-CF5D-2DA6-B5A5CD3AD9E8}.Debug|Any CPU.ActiveCfg = Debug|Any CPU
		{1FC75127-91C0-CF5D-2DA6-B5A5CD3AD9E8}.Debug|Any CPU.Build.0 = Debug|Any CPU
		{1FC75127-91C0-CF5D-2DA6-B5A5CD3AD9E8}.Release|Any CPU.ActiveCfg = Release|Any CPU
		{1FC75127-91C0-CF5D-2DA6-B5A5CD3AD9E8}.Release|Any CPU.Build.0 = Release|Any CPU
		{7237DFCF-83C0-6FF6-2DB2-76243836F863}.Debug|Any CPU.ActiveCfg = Debug|Any CPU
		{7237DFCF-83C0-6FF6-2DB2-76243836F863}.Debug|Any CPU.Build.0 = Debug|Any CPU
		{7237DFCF-83C0-6FF6-2DB2-76243836F863}.Release|Any CPU.ActiveCfg = Release|Any CPU
		{7237DFCF-83C0-6FF6-2DB2-76243836F863}.Release|Any CPU.Build.0 = Release|Any CPU
		{8241E56B-8FCC-1305-A7D6-D14C83D19A20}.Debug|Any CPU.ActiveCfg = Debug|Any CPU
		{8241E56B-8FCC-1305-A7D6-D14C83D19A20}.Debug|Any CPU.Build.0 = Debug|Any CPU
		{8241E56B-8FCC-1305-A7D6-D14C83D19A20}.Release|Any CPU.ActiveCfg = Release|Any CPU
		{8241E56B-8FCC-1305-A7D6-D14C83D19A20}.Release|Any CPU.Build.0 = Release|Any CPU
		{53085977-B1FD-A3F2-7A77-D43E50F2AC1F}.Debug|Any CPU.ActiveCfg = Debug|Any CPU
		{53085977-B1FD-A3F2-7A77-D43E50F2AC1F}.Debug|Any CPU.Build.0 = Debug|Any CPU
		{53085977-B1FD-A3F2-7A77-D43E50F2AC1F}.Release|Any CPU.ActiveCfg = Release|Any CPU
		{53085977-B1FD-A3F2-7A77-D43E50F2AC1F}.Release|Any CPU.Build.0 = Release|Any CPU
		{86982C35-A71B-FE93-5072-9F3C4E2C0065}.Debug|Any CPU.ActiveCfg = Debug|Any CPU
		{86982C35-A71B-FE93-5072-9F3C4E2C0065}.Debug|Any CPU.Build.0 = Debug|Any CPU
		{86982C35-A71B-FE93-5072-9F3C4E2C0065}.Release|Any CPU.ActiveCfg = Release|Any CPU
		{86982C35-A71B-FE93-5072-9F3C4E2C0065}.Release|Any CPU.Build.0 = Release|Any CPU
		{D09F2D0D-DA68-FD15-F5F3-C5219A73241E}.Debug|Any CPU.ActiveCfg = Debug|Any CPU
		{D09F2D0D-DA68-FD15-F5F3-C5219A73241E}.Debug|Any CPU.Build.0 = Debug|Any CPU
		{D09F2D0D-DA68-FD15-F5F3-C5219A73241E}.Release|Any CPU.ActiveCfg = Release|Any CPU
		{D09F2D0D-DA68-FD15-F5F3-C5219A73241E}.Release|Any CPU.Build.0 = Release|Any CPU
		{611A1C9E-9864-F9DC-6AFC-8A720D5A4AA4}.Debug|Any CPU.ActiveCfg = Debug|Any CPU
		{611A1C9E-9864-F9DC-6AFC-8A720D5A4AA4}.Debug|Any CPU.Build.0 = Debug|Any CPU
		{611A1C9E-9864-F9DC-6AFC-8A720D5A4AA4}.Release|Any CPU.ActiveCfg = Release|Any CPU
		{611A1C9E-9864-F9DC-6AFC-8A720D5A4AA4}.Release|Any CPU.Build.0 = Release|Any CPU
		{55F4ED97-BC3D-4452-AF91-E000CE847B6B}.Debug|Any CPU.ActiveCfg = Debug|Any CPU
		{55F4ED97-BC3D-4452-AF91-E000CE847B6B}.Debug|Any CPU.Build.0 = Debug|Any CPU
		{55F4ED97-BC3D-4452-AF91-E000CE847B6B}.Release|Any CPU.ActiveCfg = Release|Any CPU
		{55F4ED97-BC3D-4452-AF91-E000CE847B6B}.Release|Any CPU.Build.0 = Release|Any CPU
		{872A0CB5-C4FE-D340-1DAA-151D4514B77A}.Debug|Any CPU.ActiveCfg = Debug|Any CPU
		{872A0CB5-C4FE-D340-1DAA-151D4514B77A}.Debug|Any CPU.Build.0 = Debug|Any CPU
		{872A0CB5-C4FE-D340-1DAA-151D4514B77A}.Release|Any CPU.ActiveCfg = Release|Any CPU
		{872A0CB5-C4FE-D340-1DAA-151D4514B77A}.Release|Any CPU.Build.0 = Release|Any CPU
	EndGlobalSection
	GlobalSection(SolutionProperties) = preSolution
		HideSolutionNode = FALSE
	EndGlobalSection
EndGlobal
